// !$*UTF8*$!
{
	archiveVersion = 1;
	classes = {
	};
	objectVersion = 50;
	objects = {

/* Begin PBXBuildFile section */
		25FB1389FAD3EEC9513845AB /* Pods_MyFirstAPI.framework in Frameworks */ = {isa = PBXBuildFile; fileRef = FC105878250B6B28E85C9168 /* Pods_MyFirstAPI.framework */; };
		D14C941024C3FE7D005C20D9 /* AppDelegate.swift in Sources */ = {isa = PBXBuildFile; fileRef = D14C940F24C3FE7D005C20D9 /* AppDelegate.swift */; };
		D14C941224C3FE7D005C20D9 /* SceneDelegate.swift in Sources */ = {isa = PBXBuildFile; fileRef = D14C941124C3FE7D005C20D9 /* SceneDelegate.swift */; };
		D14C941424C3FE7D005C20D9 /* ViewController.swift in Sources */ = {isa = PBXBuildFile; fileRef = D14C941324C3FE7D005C20D9 /* ViewController.swift */; };
		D14C941724C3FE7D005C20D9 /* Main.storyboard in Resources */ = {isa = PBXBuildFile; fileRef = D14C941524C3FE7D005C20D9 /* Main.storyboard */; };
		D14C941924C3FE7E005C20D9 /* Assets.xcassets in Resources */ = {isa = PBXBuildFile; fileRef = D14C941824C3FE7E005C20D9 /* Assets.xcassets */; };
		D14C941C24C3FE7E005C20D9 /* LaunchScreen.storyboard in Resources */ = {isa = PBXBuildFile; fileRef = D14C941A24C3FE7E005C20D9 /* LaunchScreen.storyboard */; };
		D1D4C87C24C4014300D1E621 /* APIKit.framework in Frameworks */ = {isa = PBXBuildFile; fileRef = D1D4C87B24C4014300D1E621 /* APIKit.framework */; };
		D1D4C87D24C4014300D1E621 /* APIKit.framework in Embed Frameworks */ = {isa = PBXBuildFile; fileRef = D1D4C87B24C4014300D1E621 /* APIKit.framework */; settings = {ATTRIBUTES = (CodeSignOnCopy, RemoveHeadersOnCopy, ); }; };
		D1D4C88024C4015200D1E621 /* BrightFutures.framework in Frameworks */ = {isa = PBXBuildFile; fileRef = D1D4C87F24C4015200D1E621 /* BrightFutures.framework */; };
		D1D4C88124C4015200D1E621 /* BrightFutures.framework in Embed Frameworks */ = {isa = PBXBuildFile; fileRef = D1D4C87F24C4015200D1E621 /* BrightFutures.framework */; settings = {ATTRIBUTES = (CodeSignOnCopy, RemoveHeadersOnCopy, ); }; };
		D1D4C88324C4016100D1E621 /* Kingfisher.framework in Frameworks */ = {isa = PBXBuildFile; fileRef = D1D4C88224C4016100D1E621 /* Kingfisher.framework */; };
		D1D4C88424C4016100D1E621 /* Kingfisher.framework in Embed Frameworks */ = {isa = PBXBuildFile; fileRef = D1D4C88224C4016100D1E621 /* Kingfisher.framework */; settings = {ATTRIBUTES = (CodeSignOnCopy, RemoveHeadersOnCopy, ); }; };
		D1D4C88724C402CA00D1E621 /* GoogleService-Info.plist in Resources */ = {isa = PBXBuildFile; fileRef = D1D4C88624C402CA00D1E621 /* GoogleService-Info.plist */; };
/* End PBXBuildFile section */

/* Begin PBXCopyFilesBuildPhase section */
		D1D4C87E24C4014300D1E621 /* Embed Frameworks */ = {
			isa = PBXCopyFilesBuildPhase;
			buildActionMask = 2147483647;
			dstPath = "";
			dstSubfolderSpec = 10;
			files = (
				D1D4C87D24C4014300D1E621 /* APIKit.framework in Embed Frameworks */,
				D1D4C88424C4016100D1E621 /* Kingfisher.framework in Embed Frameworks */,
				D1D4C88124C4015200D1E621 /* BrightFutures.framework in Embed Frameworks */,
			);
			name = "Embed Frameworks";
			runOnlyForDeploymentPostprocessing = 0;
		};
/* End PBXCopyFilesBuildPhase section */

/* Begin PBXFileReference section */
		D14C940C24C3FE7D005C20D9 /* MyFirstAPI.app */ = {isa = PBXFileReference; explicitFileType = wrapper.application; includeInIndex = 0; path = MyFirstAPI.app; sourceTree = BUILT_PRODUCTS_DIR; };
		D14C940F24C3FE7D005C20D9 /* AppDelegate.swift */ = {isa = PBXFileReference; lastKnownFileType = sourcecode.swift; path = AppDelegate.swift; sourceTree = "<group>"; };
		D14C941124C3FE7D005C20D9 /* SceneDelegate.swift */ = {isa = PBXFileReference; lastKnownFileType = sourcecode.swift; path = SceneDelegate.swift; sourceTree = "<group>"; };
		D14C941324C3FE7D005C20D9 /* ViewController.swift */ = {isa = PBXFileReference; lastKnownFileType = sourcecode.swift; path = ViewController.swift; sourceTree = "<group>"; };
		D14C941624C3FE7D005C20D9 /* Base */ = {isa = PBXFileReference; lastKnownFileType = file.storyboard; name = Base; path = Base.lproj/Main.storyboard; sourceTree = "<group>"; };
		D14C941824C3FE7E005C20D9 /* Assets.xcassets */ = {isa = PBXFileReference; lastKnownFileType = folder.assetcatalog; path = Assets.xcassets; sourceTree = "<group>"; };
		D14C941B24C3FE7E005C20D9 /* Base */ = {isa = PBXFileReference; lastKnownFileType = file.storyboard; name = Base; path = Base.lproj/LaunchScreen.storyboard; sourceTree = "<group>"; };
		D14C941D24C3FE7E005C20D9 /* Info.plist */ = {isa = PBXFileReference; lastKnownFileType = text.plist.xml; path = Info.plist; sourceTree = "<group>"; };
		D1D4C87B24C4014300D1E621 /* APIKit.framework */ = {isa = PBXFileReference; lastKnownFileType = wrapper.framework; name = APIKit.framework; path = Carthage/Build/iOS/APIKit.framework; sourceTree = "<group>"; };
		D1D4C87F24C4015200D1E621 /* BrightFutures.framework */ = {isa = PBXFileReference; lastKnownFileType = wrapper.framework; name = BrightFutures.framework; path = Carthage/Build/iOS/BrightFutures.framework; sourceTree = "<group>"; };
		D1D4C88224C4016100D1E621 /* Kingfisher.framework */ = {isa = PBXFileReference; lastKnownFileType = wrapper.framework; name = Kingfisher.framework; path = Carthage/Build/iOS/Kingfisher.framework; sourceTree = "<group>"; };
		D1D4C88624C402CA00D1E621 /* GoogleService-Info.plist */ = {isa = PBXFileReference; fileEncoding = 4; lastKnownFileType = text.plist.xml; name = "GoogleService-Info.plist"; path = "../../../../Downloads/GoogleService-Info.plist"; sourceTree = "<group>"; };
		EAE506C7016AD9CD24799E44 /* Pods-MyFirstAPI.debug.xcconfig */ = {isa = PBXFileReference; includeInIndex = 1; lastKnownFileType = text.xcconfig; name = "Pods-MyFirstAPI.debug.xcconfig"; path = "Target Support Files/Pods-MyFirstAPI/Pods-MyFirstAPI.debug.xcconfig"; sourceTree = "<group>"; };
		EE74C0923F8D5FA8CAFD4E79 /* Pods-MyFirstAPI.release.xcconfig */ = {isa = PBXFileReference; includeInIndex = 1; lastKnownFileType = text.xcconfig; name = "Pods-MyFirstAPI.release.xcconfig"; path = "Target Support Files/Pods-MyFirstAPI/Pods-MyFirstAPI.release.xcconfig"; sourceTree = "<group>"; };
		FC105878250B6B28E85C9168 /* Pods_MyFirstAPI.framework */ = {isa = PBXFileReference; explicitFileType = wrapper.framework; includeInIndex = 0; path = Pods_MyFirstAPI.framework; sourceTree = BUILT_PRODUCTS_DIR; };
/* End PBXFileReference section */

/* Begin PBXFrameworksBuildPhase section */
		D14C940924C3FE7D005C20D9 /* Frameworks */ = {
			isa = PBXFrameworksBuildPhase;
			buildActionMask = 2147483647;
			files = (
				D1D4C87C24C4014300D1E621 /* APIKit.framework in Frameworks */,
				D1D4C88324C4016100D1E621 /* Kingfisher.framework in Frameworks */,
				D1D4C88024C4015200D1E621 /* BrightFutures.framework in Frameworks */,
				25FB1389FAD3EEC9513845AB /* Pods_MyFirstAPI.framework in Frameworks */,
			);
			runOnlyForDeploymentPostprocessing = 0;
		};
/* End PBXFrameworksBuildPhase section */

/* Begin PBXGroup section */
		62029E6FDD0CE370C1E91004 /* Pods */ = {
			isa = PBXGroup;
			children = (
				EAE506C7016AD9CD24799E44 /* Pods-MyFirstAPI.debug.xcconfig */,
				EE74C0923F8D5FA8CAFD4E79 /* Pods-MyFirstAPI.release.xcconfig */,
			);
			name = Pods;
			path = Pods;
			sourceTree = "<group>";
		};
		D14C940324C3FE7D005C20D9 = {
			isa = PBXGroup;
			children = (
				D14C940E24C3FE7D005C20D9 /* MyFirstAPI */,
				D14C940D24C3FE7D005C20D9 /* Products */,
				D1D4C87A24C4014300D1E621 /* Frameworks */,
				62029E6FDD0CE370C1E91004 /* Pods */,
			);
			sourceTree = "<group>";
		};
		D14C940D24C3FE7D005C20D9 /* Products */ = {
			isa = PBXGroup;
			children = (
				D14C940C24C3FE7D005C20D9 /* MyFirstAPI.app */,
			);
			name = Products;
			sourceTree = "<group>";
		};
		D14C940E24C3FE7D005C20D9 /* MyFirstAPI */ = {
			isa = PBXGroup;
			children = (
				D14C940F24C3FE7D005C20D9 /* AppDelegate.swift */,
				D14C941124C3FE7D005C20D9 /* SceneDelegate.swift */,
				D14C941324C3FE7D005C20D9 /* ViewController.swift */,
				D14C941524C3FE7D005C20D9 /* Main.storyboard */,
				D14C941824C3FE7E005C20D9 /* Assets.xcassets */,
				D14C941A24C3FE7E005C20D9 /* LaunchScreen.storyboard */,
				D14C941D24C3FE7E005C20D9 /* Info.plist */,
				D1D4C88624C402CA00D1E621 /* GoogleService-Info.plist */,
			);
			path = MyFirstAPI;
			sourceTree = "<group>";
		};
		D1D4C87A24C4014300D1E621 /* Frameworks */ = {
			isa = PBXGroup;
			children = (
				D1D4C88224C4016100D1E621 /* Kingfisher.framework */,
				D1D4C87F24C4015200D1E621 /* BrightFutures.framework */,
				D1D4C87B24C4014300D1E621 /* APIKit.framework */,
				FC105878250B6B28E85C9168 /* Pods_MyFirstAPI.framework */,
			);
			name = Frameworks;
			sourceTree = "<group>";
		};
/* End PBXGroup section */

/* Begin PBXNativeTarget section */
		D14C940B24C3FE7D005C20D9 /* MyFirstAPI */ = {
			isa = PBXNativeTarget;
			buildConfigurationList = D14C942024C3FE7E005C20D9 /* Build configuration list for PBXNativeTarget "MyFirstAPI" */;
			buildPhases = (
				49FF5B95B7F7EF97D6630892 /* [CP] Check Pods Manifest.lock */,
				D14C940824C3FE7D005C20D9 /* Sources */,
				D14C940924C3FE7D005C20D9 /* Frameworks */,
				D14C940A24C3FE7D005C20D9 /* Resources */,
				D1D4C87E24C4014300D1E621 /* Embed Frameworks */,
				D1D4C88524C4017600D1E621 /* ShellScript */,
				DEF0EE55A5939F50D486978B /* [CP] Embed Pods Frameworks */,
			);
			buildRules = (
			);
			dependencies = (
			);
			name = MyFirstAPI;
			productName = MyFirstAPI;
			productReference = D14C940C24C3FE7D005C20D9 /* MyFirstAPI.app */;
			productType = "com.apple.product-type.application";
		};
/* End PBXNativeTarget section */

/* Begin PBXProject section */
		D14C940424C3FE7D005C20D9 /* Project object */ = {
			isa = PBXProject;
			attributes = {
				LastSwiftUpdateCheck = 1160;
				LastUpgradeCheck = 1160;
				ORGANIZATIONNAME = Manchen;
				TargetAttributes = {
					D14C940B24C3FE7D005C20D9 = {
						CreatedOnToolsVersion = 11.6;
					};
				};
			};
			buildConfigurationList = D14C940724C3FE7D005C20D9 /* Build configuration list for PBXProject "MyFirstAPI" */;
			compatibilityVersion = "Xcode 9.3";
			developmentRegion = en;
			hasScannedForEncodings = 0;
			knownRegions = (
				en,
				Base,
			);
			mainGroup = D14C940324C3FE7D005C20D9;
			productRefGroup = D14C940D24C3FE7D005C20D9 /* Products */;
			projectDirPath = "";
			projectRoot = "";
			targets = (
				D14C940B24C3FE7D005C20D9 /* MyFirstAPI */,
			);
		};
/* End PBXProject section */

/* Begin PBXResourcesBuildPhase section */
		D14C940A24C3FE7D005C20D9 /* Resources */ = {
			isa = PBXResourcesBuildPhase;
			buildActionMask = 2147483647;
			files = (
				D14C941C24C3FE7E005C20D9 /* LaunchScreen.storyboard in Resources */,
				D1D4C88724C402CA00D1E621 /* GoogleService-Info.plist in Resources */,
				D14C941924C3FE7E005C20D9 /* Assets.xcassets in Resources */,
				D14C941724C3FE7D005C20D9 /* Main.storyboard in Resources */,
			);
			runOnlyForDeploymentPostprocessing = 0;
		};
/* End PBXResourcesBuildPhase section */

/* Begin PBXShellScriptBuildPhase section */
		49FF5B95B7F7EF97D6630892 /* [CP] Check Pods Manifest.lock */ = {
			isa = PBXShellScriptBuildPhase;
			buildActionMask = 2147483647;
			files = (
			);
			inputFileListPaths = (
			);
			inputPaths = (
				"${PODS_PODFILE_DIR_PATH}/Podfile.lock",
				"${PODS_ROOT}/Manifest.lock",
			);
			name = "[CP] Check Pods Manifest.lock";
			outputFileListPaths = (
			);
			outputPaths = (
				"$(DERIVED_FILE_DIR)/Pods-MyFirstAPI-checkManifestLockResult.txt",
			);
			runOnlyForDeploymentPostprocessing = 0;
			shellPath = /bin/sh;
			shellScript = "diff \"${PODS_PODFILE_DIR_PATH}/Podfile.lock\" \"${PODS_ROOT}/Manifest.lock\" > /dev/null\nif [ $? != 0 ] ; then\n    # print error to STDERR\n    echo \"error: The sandbox is not in sync with the Podfile.lock. Run 'pod install' or update your CocoaPods installation.\" >&2\n    exit 1\nfi\n# This output is used by Xcode 'outputs' to avoid re-running this script phase.\necho \"SUCCESS\" > \"${SCRIPT_OUTPUT_FILE_0}\"\n";
			showEnvVarsInLog = 0;
		};
		D1D4C88524C4017600D1E621 /* ShellScript */ = {
			isa = PBXShellScriptBuildPhase;
			buildActionMask = 2147483647;
			files = (
			);
			inputFileListPaths = (
			);
			inputPaths = (
				"$(SRCROOT)/Carthage/Build/iOS/APIKit.framework",
				"$(SRCROOT)/Carthage/Build/iOS/BrightFuturs.framework",
				"$(SRCROOT)/Carthage/Build/iOS/Kingfisher.framework",
			);
			outputFileListPaths = (
			);
			outputPaths = (
			);
			runOnlyForDeploymentPostprocessing = 0;
			shellPath = /bin/sh;
			shellScript = "# Type a script or drag a script file from your workspace to insert its path.\n/usr/local/bin/carthage copy-frameworks\n";
		};
		DEF0EE55A5939F50D486978B /* [CP] Embed Pods Frameworks */ = {
			isa = PBXShellScriptBuildPhase;
			buildActionMask = 2147483647;
			files = (
			);
			inputFileListPaths = (
				"${PODS_ROOT}/Target Support Files/Pods-MyFirstAPI/Pods-MyFirstAPI-frameworks-${CONFIGURATION}-input-files.xcfilelist",
			);
			name = "[CP] Embed Pods Frameworks";
			outputFileListPaths = (
				"${PODS_ROOT}/Target Support Files/Pods-MyFirstAPI/Pods-MyFirstAPI-frameworks-${CONFIGURATION}-output-files.xcfilelist",
			);
			runOnlyForDeploymentPostprocessing = 0;
			shellPath = /bin/sh;
			shellScript = "\"${PODS_ROOT}/Target Support Files/Pods-MyFirstAPI/Pods-MyFirstAPI-frameworks.sh\"\n";
			showEnvVarsInLog = 0;
		};
/* End PBXShellScriptBuildPhase section */

/* Begin PBXSourcesBuildPhase section */
		D14C940824C3FE7D005C20D9 /* Sources */ = {
			isa = PBXSourcesBuildPhase;
			buildActionMask = 2147483647;
			files = (
				D14C941424C3FE7D005C20D9 /* ViewController.swift in Sources */,
				D14C941024C3FE7D005C20D9 /* AppDelegate.swift in Sources */,
				D14C941224C3FE7D005C20D9 /* SceneDelegate.swift in Sources */,
			);
			runOnlyForDeploymentPostprocessing = 0;
		};
/* End PBXSourcesBuildPhase section */

/* Begin PBXVariantGroup section */
		D14C941524C3FE7D005C20D9 /* Main.storyboard */ = {
			isa = PBXVariantGroup;
			children = (
				D14C941624C3FE7D005C20D9 /* Base */,
			);
			name = Main.storyboard;
			sourceTree = "<group>";
		};
		D14C941A24C3FE7E005C20D9 /* LaunchScreen.storyboard */ = {
			isa = PBXVariantGroup;
			children = (
				D14C941B24C3FE7E005C20D9 /* Base */,
			);
			name = LaunchScreen.storyboard;
			sourceTree = "<group>";
		};
/* End PBXVariantGroup section */

/* Begin XCBuildConfiguration section */
		D14C941E24C3FE7E005C20D9 /* Debug */ = {
			isa = XCBuildConfiguration;
			buildSettings = {
				ALWAYS_SEARCH_USER_PATHS = NO;
				CLANG_ANALYZER_NONNULL = YES;
				CLANG_ANALYZER_NUMBER_OBJECT_CONVERSION = YES_AGGRESSIVE;
				CLANG_CXX_LANGUAGE_STANDARD = "gnu++14";
				CLANG_CXX_LIBRARY = "libc++";
				CLANG_ENABLE_MODULES = YES;
				CLANG_ENABLE_OBJC_ARC = YES;
				CLANG_ENABLE_OBJC_WEAK = YES;
				CLANG_WARN_BLOCK_CAPTURE_AUTORELEASING = YES;
				CLANG_WARN_BOOL_CONVERSION = YES;
				CLANG_WARN_COMMA = YES;
				CLANG_WARN_CONSTANT_CONVERSION = YES;
				CLANG_WARN_DEPRECATED_OBJC_IMPLEMENTATIONS = YES;
				CLANG_WARN_DIRECT_OBJC_ISA_USAGE = YES_ERROR;
				CLANG_WARN_DOCUMENTATION_COMMENTS = YES;
				CLANG_WARN_EMPTY_BODY = YES;
				CLANG_WARN_ENUM_CONVERSION = YES;
				CLANG_WARN_INFINITE_RECURSION = YES;
				CLANG_WARN_INT_CONVERSION = YES;
				CLANG_WARN_NON_LITERAL_NULL_CONVERSION = YES;
				CLANG_WARN_OBJC_IMPLICIT_RETAIN_SELF = YES;
				CLANG_WARN_OBJC_LITERAL_CONVERSION = YES;
				CLANG_WARN_OBJC_ROOT_CLASS = YES_ERROR;
				CLANG_WARN_RANGE_LOOP_ANALYSIS = YES;
				CLANG_WARN_STRICT_PROTOTYPES = YES;
				CLANG_WARN_SUSPICIOUS_MOVE = YES;
				CLANG_WARN_UNGUARDED_AVAILABILITY = YES_AGGRESSIVE;
				CLANG_WARN_UNREACHABLE_CODE = YES;
				CLANG_WARN__DUPLICATE_METHOD_MATCH = YES;
				COPY_PHASE_STRIP = NO;
				DEBUG_INFORMATION_FORMAT = dwarf;
				ENABLE_STRICT_OBJC_MSGSEND = YES;
				ENABLE_TESTABILITY = YES;
				GCC_C_LANGUAGE_STANDARD = gnu11;
				GCC_DYNAMIC_NO_PIC = NO;
				GCC_NO_COMMON_BLOCKS = YES;
				GCC_OPTIMIZATION_LEVEL = 0;
				GCC_PREPROCESSOR_DEFINITIONS = (
					"DEBUG=1",
					"$(inherited)",
				);
				GCC_WARN_64_TO_32_BIT_CONVERSION = YES;
				GCC_WARN_ABOUT_RETURN_TYPE = YES_ERROR;
				GCC_WARN_UNDECLARED_SELECTOR = YES;
				GCC_WARN_UNINITIALIZED_AUTOS = YES_AGGRESSIVE;
				GCC_WARN_UNUSED_FUNCTION = YES;
				GCC_WARN_UNUSED_VARIABLE = YES;
				IPHONEOS_DEPLOYMENT_TARGET = 13.6;
				MTL_ENABLE_DEBUG_INFO = INCLUDE_SOURCE;
				MTL_FAST_MATH = YES;
				ONLY_ACTIVE_ARCH = YES;
				SDKROOT = iphoneos;
				SWIFT_ACTIVE_COMPILATION_CONDITIONS = DEBUG;
				SWIFT_OPTIMIZATION_LEVEL = "-Onone";
			};
			name = Debug;
		};
		D14C941F24C3FE7E005C20D9 /* Release */ = {
			isa = XCBuildConfiguration;
			buildSettings = {
				ALWAYS_SEARCH_USER_PATHS = NO;
				CLANG_ANALYZER_NONNULL = YES;
				CLANG_ANALYZER_NUMBER_OBJECT_CONVERSION = YES_AGGRESSIVE;
				CLANG_CXX_LANGUAGE_STANDARD = "gnu++14";
				CLANG_CXX_LIBRARY = "libc++";
				CLANG_ENABLE_MODULES = YES;
				CLANG_ENABLE_OBJC_ARC = YES;
				CLANG_ENABLE_OBJC_WEAK = YES;
				CLANG_WARN_BLOCK_CAPTURE_AUTORELEASING = YES;
				CLANG_WARN_BOOL_CONVERSION = YES;
				CLANG_WARN_COMMA = YES;
				CLANG_WARN_CONSTANT_CONVERSION = YES;
				CLANG_WARN_DEPRECATED_OBJC_IMPLEMENTATIONS = YES;
				CLANG_WARN_DIRECT_OBJC_ISA_USAGE = YES_ERROR;
				CLANG_WARN_DOCUMENTATION_COMMENTS = YES;
				CLANG_WARN_EMPTY_BODY = YES;
				CLANG_WARN_ENUM_CONVERSION = YES;
				CLANG_WARN_INFINITE_RECURSION = YES;
				CLANG_WARN_INT_CONVERSION = YES;
				CLANG_WARN_NON_LITERAL_NULL_CONVERSION = YES;
				CLANG_WARN_OBJC_IMPLICIT_RETAIN_SELF = YES;
				CLANG_WARN_OBJC_LITERAL_CONVERSION = YES;
				CLANG_WARN_OBJC_ROOT_CLASS = YES_ERROR;
				CLANG_WARN_RANGE_LOOP_ANALYSIS = YES;
				CLANG_WARN_STRICT_PROTOTYPES = YES;
				CLANG_WARN_SUSPICIOUS_MOVE = YES;
				CLANG_WARN_UNGUARDED_AVAILABILITY = YES_AGGRESSIVE;
				CLANG_WARN_UNREACHABLE_CODE = YES;
				CLANG_WARN__DUPLICATE_METHOD_MATCH = YES;
				COPY_PHASE_STRIP = NO;
				DEBUG_INFORMATION_FORMAT = "dwarf-with-dsym";
				ENABLE_NS_ASSERTIONS = NO;
				ENABLE_STRICT_OBJC_MSGSEND = YES;
				GCC_C_LANGUAGE_STANDARD = gnu11;
				GCC_NO_COMMON_BLOCKS = YES;
				GCC_WARN_64_TO_32_BIT_CONVERSION = YES;
				GCC_WARN_ABOUT_RETURN_TYPE = YES_ERROR;
				GCC_WARN_UNDECLARED_SELECTOR = YES;
				GCC_WARN_UNINITIALIZED_AUTOS = YES_AGGRESSIVE;
				GCC_WARN_UNUSED_FUNCTION = YES;
				GCC_WARN_UNUSED_VARIABLE = YES;
				IPHONEOS_DEPLOYMENT_TARGET = 13.6;
				MTL_ENABLE_DEBUG_INFO = NO;
				MTL_FAST_MATH = YES;
				SDKROOT = iphoneos;
				SWIFT_COMPILATION_MODE = wholemodule;
				SWIFT_OPTIMIZATION_LEVEL = "-O";
				VALIDATE_PRODUCT = YES;
			};
			name = Release;
		};
		D14C942124C3FE7E005C20D9 /* Debug */ = {
			isa = XCBuildConfiguration;
			baseConfigurationReference = EAE506C7016AD9CD24799E44 /* Pods-MyFirstAPI.debug.xcconfig */;
			buildSettings = {
				ASSETCATALOG_COMPILER_APPICON_NAME = AppIcon;
				CODE_SIGN_STYLE = Automatic;
				DEVELOPMENT_TEAM = 6Q7A759C5Y;
				FRAMEWORK_SEARCH_PATHS = (
					"$(inherited)",
					"$(PROJECT_DIR)/Carthage/Build/iOS",
				);
				INFOPLIST_FILE = MyFirstAPI/Info.plist;
				LD_RUNPATH_SEARCH_PATHS = (
					"$(inherited)",
					"@executable_path/Frameworks",
				);
				PRODUCT_BUNDLE_IDENTIFIER = com.icloud.manten.jumper.MyFirstAPI;
				PRODUCT_NAME = "$(TARGET_NAME)";
				SWIFT_VERSION = 5.0;
				TARGETED_DEVICE_FAMILY = "1,2";
			};
			name = Debug;
		};
		D14C942224C3FE7E005C20D9 /* Release */ = {
			isa = XCBuildConfiguration;
			baseConfigurationReference = EE74C0923F8D5FA8CAFD4E79 /* Pods-MyFirstAPI.release.xcconfig */;
			buildSettings = {
				ASSETCATALOG_COMPILER_APPICON_NAME = AppIcon;
				CODE_SIGN_STYLE = Automatic;
				DEVELOPMENT_TEAM = 6Q7A759C5Y;
				FRAMEWORK_SEARCH_PATHS = (
					"$(inherited)",
					"$(PROJECT_DIR)/Carthage/Build/iOS",
				);
				INFOPLIST_FILE = MyFirstAPI/Info.plist;
				LD_RUNPATH_SEARCH_PATHS = (
					"$(inherited)",
					"@executable_path/Frameworks",
				);
				PRODUCT_BUNDLE_IDENTIFIER = com.icloud.manten.jumper.MyFirstAPI;
				PRODUCT_NAME = "$(TARGET_NAME)";
				SWIFT_VERSION = 5.0;
				TARGETED_DEVICE_FAMILY = "1,2";
			};
			name = Release;
		};
/* End XCBuildConfiguration section */

/* Begin XCConfigurationList section */
		D14C940724C3FE7D005C20D9 /* Build configuration list for PBXProject "MyFirstAPI" */ = {
			isa = XCConfigurationList;
			buildConfigurations = (
				D14C941E24C3FE7E005C20D9 /* Debug */,
				D14C941F24C3FE7E005C20D9 /* Release */,
			);
			defaultConfigurationIsVisible = 0;
			defaultConfigurationName = Release;
		};
		D14C942024C3FE7E005C20D9 /* Build configuration list for PBXNativeTarget "MyFirstAPI" */ = {
			isa = XCConfigurationList;
			buildConfigurations = (
				D14C942124C3FE7E005C20D9 /* Debug */,
				D14C942224C3FE7E005C20D9 /* Release */,
			);
			defaultConfigurationIsVisible = 0;
			defaultConfigurationName = Release;
		};
/* End XCConfigurationList section */
	};
	rootObject = D14C940424C3FE7D005C20D9 /* Project object */;
}
